// !$*UTF8*$!
{
	archiveVersion = 1;
	classes = {
	};
	objectVersion = 50;
	objects = {

/* Begin PBXBuildFile section */
		06931F92256569270069998D /* AppDelegate.swift in Sources */ = {isa = PBXBuildFile; fileRef = 06931F91256569270069998D /* AppDelegate.swift */; };
		06931F94256569270069998D /* SceneDelegate.swift in Sources */ = {isa = PBXBuildFile; fileRef = 06931F93256569270069998D /* SceneDelegate.swift */; };
		06931F96256569270069998D /* MasterViewController.swift in Sources */ = {isa = PBXBuildFile; fileRef = 06931F95256569270069998D /* MasterViewController.swift */; };
		06931F98256569270069998D /* DetailViewController.swift in Sources */ = {isa = PBXBuildFile; fileRef = 06931F97256569270069998D /* DetailViewController.swift */; };
		06931F9B256569270069998D /* Main.storyboard in Resources */ = {isa = PBXBuildFile; fileRef = 06931F99256569270069998D /* Main.storyboard */; };
		06931F9D256569290069998D /* Assets.xcassets in Resources */ = {isa = PBXBuildFile; fileRef = 06931F9C256569290069998D /* Assets.xcassets */; };
		06931FA0256569290069998D /* LaunchScreen.storyboard in Resources */ = {isa = PBXBuildFile; fileRef = 06931F9E256569290069998D /* LaunchScreen.storyboard */; };
/* End PBXBuildFile section */

/* Begin PBXFileReference section */
		06931F8E256569270069998D /* masterDetailTemplateXCode11.app */ = {isa = PBXFileReference; explicitFileType = wrapper.application; includeInIndex = 0; path = masterDetailTemplateXCode11.app; sourceTree = BUILT_PRODUCTS_DIR; };
		06931F91256569270069998D /* AppDelegate.swift */ = {isa = PBXFileReference; lastKnownFileType = sourcecode.swift; path = AppDelegate.swift; sourceTree = "<group>"; };
		06931F93256569270069998D /* SceneDelegate.swift */ = {isa = PBXFileReference; lastKnownFileType = sourcecode.swift; path = SceneDelegate.swift; sourceTree = "<group>"; };
		06931F95256569270069998D /* MasterViewController.swift */ = {isa = PBXFileReference; lastKnownFileType = sourcecode.swift; path = MasterViewController.swift; sourceTree = "<group>"; };
		06931F97256569270069998D /* DetailViewController.swift */ = {isa = PBXFileReference; lastKnownFileType = sourcecode.swift; path = DetailViewController.swift; sourceTree = "<group>"; };
		06931F9A256569270069998D /* Base */ = {isa = PBXFileReference; lastKnownFileType = file.storyboard; name = Base; path = Base.lproj/Main.storyboard; sourceTree = "<group>"; };
		06931F9C256569290069998D /* Assets.xcassets */ = {isa = PBXFileReference; lastKnownFileType = folder.assetcatalog; path = Assets.xcassets; sourceTree = "<group>"; };
		06931F9F256569290069998D /* Base */ = {isa = PBXFileReference; lastKnownFileType = file.storyboard; name = Base; path = Base.lproj/LaunchScreen.storyboard; sourceTree = "<group>"; };
		06931FA1256569290069998D /* Info.plist */ = {isa = PBXFileReference; lastKnownFileType = text.plist.xml; path = Info.plist; sourceTree = "<group>"; };
/* End PBXFileReference section */

/* Begin PBXFrameworksBuildPhase section */
		06931F8B256569270069998D /* Frameworks */ = {
			isa = PBXFrameworksBuildPhase;
			buildActionMask = 2147483647;
			files = (
			);
			runOnlyForDeploymentPostprocessing = 0;
		};
/* End PBXFrameworksBuildPhase section */

/* Begin PBXGroup section */
		06931F85256569270069998D = {
			isa = PBXGroup;
			children = (
				06931F90256569270069998D /* masterDetailTemplateXCode11 */,
				06931F8F256569270069998D /* Products */,
			);
			sourceTree = "<group>";
		};
		06931F8F256569270069998D /* Products */ = {
			isa = PBXGroup;
			children = (
				06931F8E256569270069998D /* masterDetailTemplateXCode11.app */,
			);
			name = Products;
			sourceTree = "<group>";
		};
		06931F90256569270069998D /* masterDetailTemplateXCode11 */ = {
			isa = PBXGroup;
			children = (
				06931F91256569270069998D /* AppDelegate.swift */,
				06931F93256569270069998D /* SceneDelegate.swift */,
				06931F95256569270069998D /* MasterViewController.swift */,
				06931F97256569270069998D /* DetailViewController.swift */,
				06931F99256569270069998D /* Main.storyboard */,
				06931F9C256569290069998D /* Assets.xcassets */,
				06931F9E256569290069998D /* LaunchScreen.storyboard */,
				06931FA1256569290069998D /* Info.plist */,
			);
			path = masterDetailTemplateXCode11;
			sourceTree = "<group>";
		};
/* End PBXGroup section */

/* Begin PBXNativeTarget section */
		06931F8D256569270069998D /* masterDetailTemplateXCode11 */ = {
			isa = PBXNativeTarget;
			buildConfigurationList = 06931FA4256569290069998D /* Build configuration list for PBXNativeTarget "masterDetailTemplateXCode11" */;
			buildPhases = (
				06931F8A256569270069998D /* Sources */,
				06931F8B256569270069998D /* Frameworks */,
				06931F8C256569270069998D /* Resources */,
			);
			buildRules = (
			);
			dependencies = (
			);
			name = masterDetailTemplateXCode11;
			productName = masterDetailTemplateXCode11;
			productReference = 06931F8E256569270069998D /* masterDetailTemplateXCode11.app */;
			productType = "com.apple.product-type.application";
		};
/* End PBXNativeTarget section */

/* Begin PBXProject section */
		06931F86256569270069998D /* Project object */ = {
			isa = PBXProject;
			attributes = {
				LastSwiftUpdateCheck = 1100;
				LastUpgradeCheck = 1100;
				ORGANIZATIONNAME = "R.O. Chapman";
				TargetAttributes = {
					06931F8D256569270069998D = {
						CreatedOnToolsVersion = 11.0;
					};
				};
			};
			buildConfigurationList = 06931F89256569270069998D /* Build configuration list for PBXProject "masterDetailTemplateXCode11" */;
			compatibilityVersion = "Xcode 9.3";
			developmentRegion = en;
			hasScannedForEncodings = 0;
			knownRegions = (
				en,
				Base,
			);
			mainGroup = 06931F85256569270069998D;
			productRefGroup = 06931F8F256569270069998D /* Products */;
			projectDirPath = "";
			projectRoot = "";
			targets = (
				06931F8D256569270069998D /* masterDetailTemplateXCode11 */,
			);
		};
/* End PBXProject section */

/* Begin PBXResourcesBuildPhase section */
		06931F8C256569270069998D /* Resources */ = {
			isa = PBXResourcesBuildPhase;
			buildActionMask = 2147483647;
			files = (
				06931FA0256569290069998D /* LaunchScreen.storyboard in Resources */,
				06931F9D256569290069998D /* Assets.xcassets in Resources */,
				06931F9B256569270069998D /* Main.storyboard in Resources */,
			);
			runOnlyForDeploymentPostprocessing = 0;
		};
/* End PBXResourcesBuildPhase section */

/* Begin PBXSourcesBuildPhase section */
		06931F8A256569270069998D /* Sources */ = {
			isa = PBXSourcesBuildPhase;
			buildActionMask = 2147483647;
			files = (
				06931F92256569270069998D /* AppDelegate.swift in Sources */,
				06931F94256569270069998D /* SceneDelegate.swift in Sources */,
				06931F96256569270069998D /* MasterViewController.swift in Sources */,
				06931F98256569270069998D /* DetailViewController.swift in Sources */,
			);
			runOnlyForDeploymentPostprocessing = 0;
		};
/* End PBXSourcesBuildPhase section */

/* Begin PBXVariantGroup section */
		06931F99256569270069998D /* Main.storyboard */ = {
			isa = PBXVariantGroup;
			children = (
				06931F9A256569270069998D /* Base */,
			);
			name = Main.storyboard;
			sourceTree = "<group>";
		};
		06931F9E256569290069998D /* LaunchScreen.storyboard */ = {
			isa = PBXVariantGroup;
			children = (
				06931F9F256569290069998D /* Base */,
			);
			name = LaunchScreen.storyboard;
			sourceTree = "<group>";
		};
/* End PBXVariantGroup section */

/* Begin XCBuildConfiguration section */
		06931FA2256569290069998D /* Debug */ = {
			isa = XCBuildConfiguration;
			buildSettings = {
				ALWAYS_SEARCH_USER_PATHS = NO;
				CLANG_ANALYZER_NONNULL = YES;
				CLANG_ANALYZER_NUMBER_OBJECT_CONVERSION = YES_AGGRESSIVE;
				CLANG_CXX_LANGUAGE_STANDARD = "gnu++14";
				CLANG_CXX_LIBRARY = "libc++";
				CLANG_ENABLE_MODULES = YES;
				CLANG_ENABLE_OBJC_ARC = YES;
				CLANG_ENABLE_OBJC_WEAK = YES;
				CLANG_WARN_BLOCK_CAPTURE_AUTORELEASING = YES;
				CLANG_WARN_BOOL_CONVERSION = YES;
				CLANG_WARN_COMMA = YES;
				CLANG_WARN_CONSTANT_CONVERSION = YES;
				CLANG_WARN_DEPRECATED_OBJC_IMPLEMENTATIONS = YES;
				CLANG_WARN_DIRECT_OBJC_ISA_USAGE = YES_ERROR;
				CLANG_WARN_DOCUMENTATION_COMMENTS = YES;
				CLANG_WARN_EMPTY_BODY = YES;
				CLANG_WARN_ENUM_CONVERSION = YES;
				CLANG_WARN_INFINITE_RECURSION = YES;
				CLANG_WARN_INT_CONVERSION = YES;
				CLANG_WARN_NON_LITERAL_NULL_CONVERSION = YES;
				CLANG_WARN_OBJC_IMPLICIT_RETAIN_SELF = YES;
				CLANG_WARN_OBJC_LITERAL_CONVERSION = YES;
				CLANG_WARN_OBJC_ROOT_CLASS = YES_ERROR;
				CLANG_WARN_RANGE_LOOP_ANALYSIS = YES;
				CLANG_WARN_STRICT_PROTOTYPES = YES;
				CLANG_WARN_SUSPICIOUS_MOVE = YES;
				CLANG_WARN_UNGUARDED_AVAILABILITY = YES_AGGRESSIVE;
				CLANG_WARN_UNREACHABLE_CODE = YES;
				CLANG_WARN__DUPLICATE_METHOD_MATCH = YES;
				COPY_PHASE_STRIP = NO;
				DEBUG_INFORMATION_FORMAT = dwarf;
				ENABLE_STRICT_OBJC_MSGSEND = YES;
				ENABLE_TESTABILITY = YES;
				GCC_C_LANGUAGE_STANDARD = gnu11;
				GCC_DYNAMIC_NO_PIC = NO;
				GCC_NO_COMMON_BLOCKS = YES;
				GCC_OPTIMIZATION_LEVEL = 0;
				GCC_PREPROCESSOR_DEFINITIONS = (
					"DEBUG=1",
					"$(inherited)",
				);
				GCC_WARN_64_TO_32_BIT_CONVERSION = YES;
				GCC_WARN_ABOUT_RETURN_TYPE = YES_ERROR;
				GCC_WARN_UNDECLARED_SELECTOR = YES;
				GCC_WARN_UNINITIALIZED_AUTOS = YES_AGGRESSIVE;
				GCC_WARN_UNUSED_FUNCTION = YES;
				GCC_WARN_UNUSED_VARIABLE = YES;
				IPHONEOS_DEPLOYMENT_TARGET = 13.0;
				MTL_ENABLE_DEBUG_INFO = INCLUDE_SOURCE;
				MTL_FAST_MATH = YES;
				ONLY_ACTIVE_ARCH = YES;
				SDKROOT = iphoneos;
				SWIFT_ACTIVE_COMPILATION_CONDITIONS = DEBUG;
				SWIFT_OPTIMIZATION_LEVEL = "-Onone";
			};
			name = Debug;
		};
		06931FA3256569290069998D /* Release */ = {
			isa = XCBuildConfiguration;
			buildSettings = {
				ALWAYS_SEARCH_USER_PATHS = NO;
				CLANG_ANALYZER_NONNULL = YES;
				CLANG_ANALYZER_NUMBER_OBJECT_CONVERSION = YES_AGGRESSIVE;
				CLANG_CXX_LANGUAGE_STANDARD = "gnu++14";
				CLANG_CXX_LIBRARY = "libc++";
				CLANG_ENABLE_MODULES = YES;
				CLANG_ENABLE_OBJC_ARC = YES;
				CLANG_ENABLE_OBJC_WEAK = YES;
				CLANG_WARN_BLOCK_CAPTURE_AUTORELEASING = YES;
				CLANG_WARN_BOOL_CONVERSION = YES;
				CLANG_WARN_COMMA = YES;
				CLANG_WARN_CONSTANT_CONVERSION = YES;
				CLANG_WARN_DEPRECATED_OBJC_IMPLEMENTATIONS = YES;
				CLANG_WARN_DIRECT_OBJC_ISA_USAGE = YES_ERROR;
				CLANG_WARN_DOCUMENTATION_COMMENTS = YES;
				CLANG_WARN_EMPTY_BODY = YES;
				CLANG_WARN_ENUM_CONVERSION = YES;
				CLANG_WARN_INFINITE_RECURSION = YES;
				CLANG_WARN_INT_CONVERSION = YES;
				CLANG_WARN_NON_LITERAL_NULL_CONVERSION = YES;
				CLANG_WARN_OBJC_IMPLICIT_RETAIN_SELF = YES;
				CLANG_WARN_OBJC_LITERAL_CONVERSION = YES;
				CLANG_WARN_OBJC_ROOT_CLASS = YES_ERROR;
				CLANG_WARN_RANGE_LOOP_ANALYSIS = YES;
				CLANG_WARN_STRICT_PROTOTYPES = YES;
				CLANG_WARN_SUSPICIOUS_MOVE = YES;
				CLANG_WARN_UNGUARDED_AVAILABILITY = YES_AGGRESSIVE;
				CLANG_WARN_UNREACHABLE_CODE = YES;
				CLANG_WARN__DUPLICATE_METHOD_MATCH = YES;
				COPY_PHASE_STRIP = NO;
				DEBUG_INFORMATION_FORMAT = "dwarf-with-dsym";
				ENABLE_NS_ASSERTIONS = NO;
				ENABLE_STRICT_OBJC_MSGSEND = YES;
				GCC_C_LANGUAGE_STANDARD = gnu11;
				GCC_NO_COMMON_BLOCKS = YES;
				GCC_WARN_64_TO_32_BIT_CONVERSION = YES;
				GCC_WARN_ABOUT_RETURN_TYPE = YES_ERROR;
				GCC_WARN_UNDECLARED_SELECTOR = YES;
				GCC_WARN_UNINITIALIZED_AUTOS = YES_AGGRESSIVE;
				GCC_WARN_UNUSED_FUNCTION = YES;
				GCC_WARN_UNUSED_VARIABLE = YES;
				IPHONEOS_DEPLOYMENT_TARGET = 13.0;
				MTL_ENABLE_DEBUG_INFO = NO;
				MTL_FAST_MATH = YES;
				SDKROOT = iphoneos;
				SWIFT_COMPILATION_MODE = wholemodule;
				SWIFT_OPTIMIZATION_LEVEL = "-O";
				VALIDATE_PRODUCT = YES;
			};
			name = Release;
		};
		06931FA5256569290069998D /* Debug */ = {
			isa = XCBuildConfiguration;
			buildSettings = {
				ASSETCATALOG_COMPILER_APPICON_NAME = AppIcon;
				CODE_SIGN_STYLE = Automatic;
				DEVELOPMENT_TEAM = F3N6BAVXVB;
				INFOPLIST_FILE = masterDetailTemplateXCode11/Info.plist;
				LD_RUNPATH_SEARCH_PATHS = (
					"$(inherited)",
					"@executable_path/Frameworks",
				);
				PRODUCT_BUNDLE_IDENTIFIER = edu.auburn.csse.masterDetailTemplateXCode11;
				PRODUCT_NAME = "$(TARGET_NAME)";
				SWIFT_VERSION = 5.0;
				TARGETED_DEVICE_FAMILY = "1,2";
			};
			name = Debug;
		};
		06931FA6256569290069998D /* Release */ = {
			isa = XCBuildConfiguration;
			buildSettings = {
				ASSETCATALOG_COMPILER_APPICON_NAME = AppIcon;
				CODE_SIGN_STYLE = Automatic;
				DEVELOPMENT_TEAM = F3N6BAVXVB;
				INFOPLIST_FILE = masterDetailTemplateXCode11/Info.plist;
				LD_RUNPATH_SEARCH_PATHS = (
					"$(inherited)",
					"@executable_path/Frameworks",
				);
				PRODUCT_BUNDLE_IDENTIFIER = edu.auburn.csse.masterDetailTemplateXCode11;
				PRODUCT_NAME = "$(TARGET_NAME)";
				SWIFT_VERSION = 5.0;
				TARGETED_DEVICE_FAMILY = "1,2";
			};
			name = Release;
		};
/* End XCBuildConfiguration section */

/* Begin XCConfigurationList section */
		06931F89256569270069998D /* Build configuration list for PBXProject "masterDetailTemplateXCode11" */ = {
			isa = XCConfigurationList;
			buildConfigurations = (
				06931FA2256569290069998D /* Debug */,
				06931FA3256569290069998D /* Release */,
			);
			defaultConfigurationIsVisible = 0;
			defaultConfigurationName = Release;
		};
		06931FA4256569290069998D /* Build configuration list for PBXNativeTarget "masterDetailTemplateXCode11" */ = {
			isa = XCConfigurationList;
			buildConfigurations = (
				06931FA5256569290069998D /* Debug */,
				06931FA6256569290069998D /* Release */,
			);
			defaultConfigurationIsVisible = 0;
			defaultConfigurationName = Release;
		};
/* End XCConfigurationList section */
	};
	rootObject = 06931F86256569270069998D /* Project object */;
}
